// !$*UTF8*$!
{
	archiveVersion = 1;
	classes = {
	};
	objectVersion = 50;
	objects = {

/* Begin PBXBuildFile section */
		2DDBA1EF2712F4490065CE13 /* AppDelegate.swift in Sources */ = {isa = PBXBuildFile; fileRef = 2DDBA1EE2712F4490065CE13 /* AppDelegate.swift */; };
		2DDBA1F12712F4490065CE13 /* SceneDelegate.swift in Sources */ = {isa = PBXBuildFile; fileRef = 2DDBA1F02712F4490065CE13 /* SceneDelegate.swift */; };
		2DDBA1F32712F4490065CE13 /* ViewController.swift in Sources */ = {isa = PBXBuildFile; fileRef = 2DDBA1F22712F4490065CE13 /* ViewController.swift */; };
		2DDBA1F62712F4490065CE13 /* Main.storyboard in Resources */ = {isa = PBXBuildFile; fileRef = 2DDBA1F42712F4490065CE13 /* Main.storyboard */; };
		2DDBA1F92712F4490065CE13 /* City_LandMarks.xcdatamodeld in Sources */ = {isa = PBXBuildFile; fileRef = 2DDBA1F72712F4490065CE13 /* City_LandMarks.xcdatamodeld */; };
		2DDBA1FB2712F44B0065CE13 /* Assets.xcassets in Resources */ = {isa = PBXBuildFile; fileRef = 2DDBA1FA2712F44B0065CE13 /* Assets.xcassets */; };
		2DDBA1FE2712F44B0065CE13 /* LaunchScreen.storyboard in Resources */ = {isa = PBXBuildFile; fileRef = 2DDBA1FC2712F44B0065CE13 /* LaunchScreen.storyboard */; };
		2DDBA2092712F44B0065CE13 /* City_LandMarksTests.swift in Sources */ = {isa = PBXBuildFile; fileRef = 2DDBA2082712F44B0065CE13 /* City_LandMarksTests.swift */; };
		2DDBA2142712F44B0065CE13 /* City_LandMarksUITests.swift in Sources */ = {isa = PBXBuildFile; fileRef = 2DDBA2132712F44B0065CE13 /* City_LandMarksUITests.swift */; };
		2DDBA222271302950065CE13 /* ViewControllerSecond.swift in Sources */ = {isa = PBXBuildFile; fileRef = 2DDBA221271302950065CE13 /* ViewControllerSecond.swift */; };
		2DDBA22F271306940065CE13 /* Angkor.jpg in Resources */ = {isa = PBXBuildFile; fileRef = 2DDBA22E271306940065CE13 /* Angkor.jpg */; };
		2DDBA233271311440065CE13 /* Sydney.jpg in Resources */ = {isa = PBXBuildFile; fileRef = 2DDBA232271311440065CE13 /* Sydney.jpg */; };
		2DDBA2352713117E0065CE13 /* Eiffel.jpg in Resources */ = {isa = PBXBuildFile; fileRef = 2DDBA2342713117E0065CE13 /* Eiffel.jpg */; };
		2DDBA237271311D90065CE13 /* TajMahal.jpg in Resources */ = {isa = PBXBuildFile; fileRef = 2DDBA236271311D90065CE13 /* TajMahal.jpg */; };
		2DDBA23A271313140065CE13 /* BurjKhalifa.jpg in Resources */ = {isa = PBXBuildFile; fileRef = 2DDBA238271313140065CE13 /* BurjKhalifa.jpg */; };
		2DDBA23B271313140065CE13 /* BasilsCathedral.jpg in Resources */ = {isa = PBXBuildFile; fileRef = 2DDBA239271313140065CE13 /* BasilsCathedral.jpg */; };
		2DDBA23E271313320065CE13 /* MachuPicchu.jpg in Resources */ = {isa = PBXBuildFile; fileRef = 2DDBA23C271313320065CE13 /* MachuPicchu.jpg */; };
		2DDBA23F271313320065CE13 /* MontSaint-Michel.jpg in Resources */ = {isa = PBXBuildFile; fileRef = 2DDBA23D271313320065CE13 /* MontSaint-Michel.jpg */; };
		2DDBA2422713133A0065CE13 /* GreatWall.jpg in Resources */ = {isa = PBXBuildFile; fileRef = 2DDBA2402713133A0065CE13 /* GreatWall.jpg */; };
		2DDBA2432713133A0065CE13 /* KeyStone.jpg in Resources */ = {isa = PBXBuildFile; fileRef = 2DDBA2412713133A0065CE13 /* KeyStone.jpg */; };
/* End PBXBuildFile section */

/* Begin PBXContainerItemProxy section */
		2DDBA2052712F44B0065CE13 /* PBXContainerItemProxy */ = {
			isa = PBXContainerItemProxy;
			containerPortal = 2DDBA1E32712F4480065CE13 /* Project object */;
			proxyType = 1;
			remoteGlobalIDString = 2DDBA1EA2712F4490065CE13;
			remoteInfo = "City LandMarks";
		};
		2DDBA2102712F44B0065CE13 /* PBXContainerItemProxy */ = {
			isa = PBXContainerItemProxy;
			containerPortal = 2DDBA1E32712F4480065CE13 /* Project object */;
			proxyType = 1;
			remoteGlobalIDString = 2DDBA1EA2712F4490065CE13;
			remoteInfo = "City LandMarks";
		};
/* End PBXContainerItemProxy section */

/* Begin PBXFileReference section */
		2DDBA1EB2712F4490065CE13 /* City LandMarks.app */ = {isa = PBXFileReference; explicitFileType = wrapper.application; includeInIndex = 0; path = "City LandMarks.app"; sourceTree = BUILT_PRODUCTS_DIR; };
		2DDBA1EE2712F4490065CE13 /* AppDelegate.swift */ = {isa = PBXFileReference; lastKnownFileType = sourcecode.swift; path = AppDelegate.swift; sourceTree = "<group>"; };
		2DDBA1F02712F4490065CE13 /* SceneDelegate.swift */ = {isa = PBXFileReference; lastKnownFileType = sourcecode.swift; path = SceneDelegate.swift; sourceTree = "<group>"; };
		2DDBA1F22712F4490065CE13 /* ViewController.swift */ = {isa = PBXFileReference; lastKnownFileType = sourcecode.swift; path = ViewController.swift; sourceTree = "<group>"; };
		2DDBA1F52712F4490065CE13 /* Base */ = {isa = PBXFileReference; lastKnownFileType = file.storyboard; name = Base; path = Base.lproj/Main.storyboard; sourceTree = "<group>"; };
		2DDBA1F82712F4490065CE13 /* City_LandMarks.xcdatamodel */ = {isa = PBXFileReference; lastKnownFileType = wrapper.xcdatamodel; path = City_LandMarks.xcdatamodel; sourceTree = "<group>"; };
		2DDBA1FA2712F44B0065CE13 /* Assets.xcassets */ = {isa = PBXFileReference; lastKnownFileType = folder.assetcatalog; path = Assets.xcassets; sourceTree = "<group>"; };
		2DDBA1FD2712F44B0065CE13 /* Base */ = {isa = PBXFileReference; lastKnownFileType = file.storyboard; name = Base; path = Base.lproj/LaunchScreen.storyboard; sourceTree = "<group>"; };
		2DDBA1FF2712F44B0065CE13 /* Info.plist */ = {isa = PBXFileReference; lastKnownFileType = text.plist.xml; path = Info.plist; sourceTree = "<group>"; };
		2DDBA2042712F44B0065CE13 /* City LandMarksTests.xctest */ = {isa = PBXFileReference; explicitFileType = wrapper.cfbundle; includeInIndex = 0; path = "City LandMarksTests.xctest"; sourceTree = BUILT_PRODUCTS_DIR; };
		2DDBA2082712F44B0065CE13 /* City_LandMarksTests.swift */ = {isa = PBXFileReference; lastKnownFileType = sourcecode.swift; path = City_LandMarksTests.swift; sourceTree = "<group>"; };
		2DDBA20A2712F44B0065CE13 /* Info.plist */ = {isa = PBXFileReference; lastKnownFileType = text.plist.xml; path = Info.plist; sourceTree = "<group>"; };
		2DDBA20F2712F44B0065CE13 /* City LandMarksUITests.xctest */ = {isa = PBXFileReference; explicitFileType = wrapper.cfbundle; includeInIndex = 0; path = "City LandMarksUITests.xctest"; sourceTree = BUILT_PRODUCTS_DIR; };
		2DDBA2132712F44B0065CE13 /* City_LandMarksUITests.swift */ = {isa = PBXFileReference; lastKnownFileType = sourcecode.swift; path = City_LandMarksUITests.swift; sourceTree = "<group>"; };
		2DDBA2152712F44B0065CE13 /* Info.plist */ = {isa = PBXFileReference; lastKnownFileType = text.plist.xml; path = Info.plist; sourceTree = "<group>"; };
		2DDBA221271302950065CE13 /* ViewControllerSecond.swift */ = {isa = PBXFileReference; lastKnownFileType = sourcecode.swift; path = ViewControllerSecond.swift; sourceTree = "<group>"; };
		2DDBA22E271306940065CE13 /* Angkor.jpg */ = {isa = PBXFileReference; lastKnownFileType = image.jpeg; path = Angkor.jpg; sourceTree = "<group>"; };
		2DDBA232271311440065CE13 /* Sydney.jpg */ = {isa = PBXFileReference; lastKnownFileType = image.jpeg; path = Sydney.jpg; sourceTree = "<group>"; };
		2DDBA2342713117E0065CE13 /* Eiffel.jpg */ = {isa = PBXFileReference; lastKnownFileType = image.jpeg; path = Eiffel.jpg; sourceTree = "<group>"; };
		2DDBA236271311D90065CE13 /* TajMahal.jpg */ = {isa = PBXFileReference; lastKnownFileType = image.jpeg; name = TajMahal.jpg; path = ../../../../../Downloads/TajMahal.jpg; sourceTree = "<group>"; };
		2DDBA238271313140065CE13 /* BurjKhalifa.jpg */ = {isa = PBXFileReference; lastKnownFileType = image.jpeg; path = BurjKhalifa.jpg; sourceTree = "<group>"; };
		2DDBA239271313140065CE13 /* BasilsCathedral.jpg */ = {isa = PBXFileReference; lastKnownFileType = image.jpeg; path = BasilsCathedral.jpg; sourceTree = "<group>"; };
		2DDBA23C271313320065CE13 /* MachuPicchu.jpg */ = {isa = PBXFileReference; lastKnownFileType = image.jpeg; path = MachuPicchu.jpg; sourceTree = "<group>"; };
		2DDBA23D271313320065CE13 /* MontSaint-Michel.jpg */ = {isa = PBXFileReference; lastKnownFileType = image.jpeg; path = "MontSaint-Michel.jpg"; sourceTree = "<group>"; };
		2DDBA2402713133A0065CE13 /* GreatWall.jpg */ = {isa = PBXFileReference; lastKnownFileType = image.jpeg; path = GreatWall.jpg; sourceTree = "<group>"; };
		2DDBA2412713133A0065CE13 /* KeyStone.jpg */ = {isa = PBXFileReference; lastKnownFileType = image.jpeg; path = KeyStone.jpg; sourceTree = "<group>"; };
/* End PBXFileReference section */

/* Begin PBXFrameworksBuildPhase section */
		2DDBA1E82712F4490065CE13 /* Frameworks */ = {
			isa = PBXFrameworksBuildPhase;
			buildActionMask = 2147483647;
			files = (
			);
			runOnlyForDeploymentPostprocessing = 0;
		};
		2DDBA2012712F44B0065CE13 /* Frameworks */ = {
			isa = PBXFrameworksBuildPhase;
			buildActionMask = 2147483647;
			files = (
			);
			runOnlyForDeploymentPostprocessing = 0;
		};
		2DDBA20C2712F44B0065CE13 /* Frameworks */ = {
			isa = PBXFrameworksBuildPhase;
			buildActionMask = 2147483647;
			files = (
			);
			runOnlyForDeploymentPostprocessing = 0;
		};
/* End PBXFrameworksBuildPhase section */

/* Begin PBXGroup section */
		2DDBA1E22712F4480065CE13 = {
			isa = PBXGroup;
			children = (
				2DDBA1ED2712F4490065CE13 /* City LandMarks */,
				2DDBA2072712F44B0065CE13 /* City LandMarksTests */,
				2DDBA2122712F44B0065CE13 /* City LandMarksUITests */,
				2DDBA1EC2712F4490065CE13 /* Products */,
			);
			sourceTree = "<group>";
		};
		2DDBA1EC2712F4490065CE13 /* Products */ = {
			isa = PBXGroup;
			children = (
				2DDBA1EB2712F4490065CE13 /* City LandMarks.app */,
				2DDBA2042712F44B0065CE13 /* City LandMarksTests.xctest */,
				2DDBA20F2712F44B0065CE13 /* City LandMarksUITests.xctest */,
			);
			name = Products;
			sourceTree = "<group>";
		};
		2DDBA1ED2712F4490065CE13 /* City LandMarks */ = {
			isa = PBXGroup;
			children = (
				2DDBA2232713036E0065CE13 /* Images */,
				2DDBA1EE2712F4490065CE13 /* AppDelegate.swift */,
				2DDBA1F02712F4490065CE13 /* SceneDelegate.swift */,
				2DDBA1F22712F4490065CE13 /* ViewController.swift */,
				2DDBA1F42712F4490065CE13 /* Main.storyboard */,
				2DDBA1FA2712F44B0065CE13 /* Assets.xcassets */,
				2DDBA1FC2712F44B0065CE13 /* LaunchScreen.storyboard */,
				2DDBA1FF2712F44B0065CE13 /* Info.plist */,
				2DDBA1F72712F4490065CE13 /* City_LandMarks.xcdatamodeld */,
				2DDBA221271302950065CE13 /* ViewControllerSecond.swift */,
			);
			path = "City LandMarks";
			sourceTree = "<group>";
		};
		2DDBA2072712F44B0065CE13 /* City LandMarksTests */ = {
			isa = PBXGroup;
			children = (
				2DDBA2082712F44B0065CE13 /* City_LandMarksTests.swift */,
				2DDBA20A2712F44B0065CE13 /* Info.plist */,
			);
			path = "City LandMarksTests";
			sourceTree = "<group>";
		};
		2DDBA2122712F44B0065CE13 /* City LandMarksUITests */ = {
			isa = PBXGroup;
			children = (
				2DDBA2132712F44B0065CE13 /* City_LandMarksUITests.swift */,
				2DDBA2152712F44B0065CE13 /* Info.plist */,
			);
			path = "City LandMarksUITests";
			sourceTree = "<group>";
		};
		2DDBA2232713036E0065CE13 /* Images */ = {
			isa = PBXGroup;
			children = (
				2DDBA22E271306940065CE13 /* Angkor.jpg */,
				2DDBA232271311440065CE13 /* Sydney.jpg */,
				2DDBA2342713117E0065CE13 /* Eiffel.jpg */,
				2DDBA236271311D90065CE13 /* TajMahal.jpg */,
				2DDBA238271313140065CE13 /* BurjKhalifa.jpg */,
				2DDBA2402713133A0065CE13 /* GreatWall.jpg */,
				2DDBA2412713133A0065CE13 /* KeyStone.jpg */,
				2DDBA23C271313320065CE13 /* MachuPicchu.jpg */,
				2DDBA23D271313320065CE13 /* MontSaint-Michel.jpg */,
				2DDBA239271313140065CE13 /* BasilsCathedral.jpg */,
			);
			path = Images;
			sourceTree = "<group>";
		};
/* End PBXGroup section */

/* Begin PBXNativeTarget section */
		2DDBA1EA2712F4490065CE13 /* City LandMarks */ = {
			isa = PBXNativeTarget;
			buildConfigurationList = 2DDBA2182712F44B0065CE13 /* Build configuration list for PBXNativeTarget "City LandMarks" */;
			buildPhases = (
				2DDBA1E72712F4490065CE13 /* Sources */,
				2DDBA1E82712F4490065CE13 /* Frameworks */,
				2DDBA1E92712F4490065CE13 /* Resources */,
			);
			buildRules = (
			);
			dependencies = (
			);
			name = "City LandMarks";
			productName = "City LandMarks";
			productReference = 2DDBA1EB2712F4490065CE13 /* City LandMarks.app */;
			productType = "com.apple.product-type.application";
		};
		2DDBA2032712F44B0065CE13 /* City LandMarksTests */ = {
			isa = PBXNativeTarget;
			buildConfigurationList = 2DDBA21B2712F44B0065CE13 /* Build configuration list for PBXNativeTarget "City LandMarksTests" */;
			buildPhases = (
				2DDBA2002712F44B0065CE13 /* Sources */,
				2DDBA2012712F44B0065CE13 /* Frameworks */,
				2DDBA2022712F44B0065CE13 /* Resources */,
			);
			buildRules = (
			);
			dependencies = (
				2DDBA2062712F44B0065CE13 /* PBXTargetDependency */,
			);
			name = "City LandMarksTests";
			productName = "City LandMarksTests";
			productReference = 2DDBA2042712F44B0065CE13 /* City LandMarksTests.xctest */;
			productType = "com.apple.product-type.bundle.unit-test";
		};
		2DDBA20E2712F44B0065CE13 /* City LandMarksUITests */ = {
			isa = PBXNativeTarget;
			buildConfigurationList = 2DDBA21E2712F44B0065CE13 /* Build configuration list for PBXNativeTarget "City LandMarksUITests" */;
			buildPhases = (
				2DDBA20B2712F44B0065CE13 /* Sources */,
				2DDBA20C2712F44B0065CE13 /* Frameworks */,
				2DDBA20D2712F44B0065CE13 /* Resources */,
			);
			buildRules = (
			);
			dependencies = (
				2DDBA2112712F44B0065CE13 /* PBXTargetDependency */,
			);
			name = "City LandMarksUITests";
			productName = "City LandMarksUITests";
			productReference = 2DDBA20F2712F44B0065CE13 /* City LandMarksUITests.xctest */;
			productType = "com.apple.product-type.bundle.ui-testing";
		};
/* End PBXNativeTarget section */

/* Begin PBXProject section */
		2DDBA1E32712F4480065CE13 /* Project object */ = {
			isa = PBXProject;
			attributes = {
				LastSwiftUpdateCheck = 1250;
				LastUpgradeCheck = 1250;
				TargetAttributes = {
					2DDBA1EA2712F4490065CE13 = {
						CreatedOnToolsVersion = 12.5.1;
					};
					2DDBA2032712F44B0065CE13 = {
						CreatedOnToolsVersion = 12.5.1;
						TestTargetID = 2DDBA1EA2712F4490065CE13;
					};
					2DDBA20E2712F44B0065CE13 = {
						CreatedOnToolsVersion = 12.5.1;
						TestTargetID = 2DDBA1EA2712F4490065CE13;
					};
				};
			};
			buildConfigurationList = 2DDBA1E62712F4480065CE13 /* Build configuration list for PBXProject "City LandMarks" */;
			compatibilityVersion = "Xcode 9.3";
			developmentRegion = en;
			hasScannedForEncodings = 0;
			knownRegions = (
				en,
				Base,
			);
			mainGroup = 2DDBA1E22712F4480065CE13;
			productRefGroup = 2DDBA1EC2712F4490065CE13 /* Products */;
			projectDirPath = "";
			projectRoot = "";
			targets = (
				2DDBA1EA2712F4490065CE13 /* City LandMarks */,
				2DDBA2032712F44B0065CE13 /* City LandMarksTests */,
				2DDBA20E2712F44B0065CE13 /* City LandMarksUITests */,
			);
		};
/* End PBXProject section */

/* Begin PBXResourcesBuildPhase section */
		2DDBA1E92712F4490065CE13 /* Resources */ = {
			isa = PBXResourcesBuildPhase;
			buildActionMask = 2147483647;
			files = (
				2DDBA23B271313140065CE13 /* BasilsCathedral.jpg in Resources */,
				2DDBA233271311440065CE13 /* Sydney.jpg in Resources */,
				2DDBA23A271313140065CE13 /* BurjKhalifa.jpg in Resources */,
				2DDBA2352713117E0065CE13 /* Eiffel.jpg in Resources */,
				2DDBA237271311D90065CE13 /* TajMahal.jpg in Resources */,
				2DDBA22F271306940065CE13 /* Angkor.jpg in Resources */,
				2DDBA1FE2712F44B0065CE13 /* LaunchScreen.storyboard in Resources */,
				2DDBA1FB2712F44B0065CE13 /* Assets.xcassets in Resources */,
				2DDBA23E271313320065CE13 /* MachuPicchu.jpg in Resources */,
				2DDBA1F62712F4490065CE13 /* Main.storyboard in Resources */,
				2DDBA2432713133A0065CE13 /* KeyStone.jpg in Resources */,
				2DDBA23F271313320065CE13 /* MontSaint-Michel.jpg in Resources */,
				2DDBA2422713133A0065CE13 /* GreatWall.jpg in Resources */,
			);
			runOnlyForDeploymentPostprocessing = 0;
		};
		2DDBA2022712F44B0065CE13 /* Resources */ = {
			isa = PBXResourcesBuildPhase;
			buildActionMask = 2147483647;
			files = (
			);
			runOnlyForDeploymentPostprocessing = 0;
		};
		2DDBA20D2712F44B0065CE13 /* Resources */ = {
			isa = PBXResourcesBuildPhase;
			buildActionMask = 2147483647;
			files = (
			);
			runOnlyForDeploymentPostprocessing = 0;
		};
/* End PBXResourcesBuildPhase section */

/* Begin PBXSourcesBuildPhase section */
		2DDBA1E72712F4490065CE13 /* Sources */ = {
			isa = PBXSourcesBuildPhase;
			buildActionMask = 2147483647;
			files = (
				2DDBA1F92712F4490065CE13 /* City_LandMarks.xcdatamodeld in Sources */,
				2DDBA1F32712F4490065CE13 /* ViewController.swift in Sources */,
				2DDBA1EF2712F4490065CE13 /* AppDelegate.swift in Sources */,
				2DDBA222271302950065CE13 /* ViewControllerSecond.swift in Sources */,
				2DDBA1F12712F4490065CE13 /* SceneDelegate.swift in Sources */,
			);
			runOnlyForDeploymentPostprocessing = 0;
		};
		2DDBA2002712F44B0065CE13 /* Sources */ = {
			isa = PBXSourcesBuildPhase;
			buildActionMask = 2147483647;
			files = (
				2DDBA2092712F44B0065CE13 /* City_LandMarksTests.swift in Sources */,
			);
			runOnlyForDeploymentPostprocessing = 0;
		};
		2DDBA20B2712F44B0065CE13 /* Sources */ = {
			isa = PBXSourcesBuildPhase;
			buildActionMask = 2147483647;
			files = (
				2DDBA2142712F44B0065CE13 /* City_LandMarksUITests.swift in Sources */,
			);
			runOnlyForDeploymentPostprocessing = 0;
		};
/* End PBXSourcesBuildPhase section */

/* Begin PBXTargetDependency section */
		2DDBA2062712F44B0065CE13 /* PBXTargetDependency */ = {
			isa = PBXTargetDependency;
			target = 2DDBA1EA2712F4490065CE13 /* City LandMarks */;
			targetProxy = 2DDBA2052712F44B0065CE13 /* PBXContainerItemProxy */;
		};
		2DDBA2112712F44B0065CE13 /* PBXTargetDependency */ = {
			isa = PBXTargetDependency;
			target = 2DDBA1EA2712F4490065CE13 /* City LandMarks */;
			targetProxy = 2DDBA2102712F44B0065CE13 /* PBXContainerItemProxy */;
		};
/* End PBXTargetDependency section */

/* Begin PBXVariantGroup section */
		2DDBA1F42712F4490065CE13 /* Main.storyboard */ = {
			isa = PBXVariantGroup;
			children = (
				2DDBA1F52712F4490065CE13 /* Base */,
			);
			name = Main.storyboard;
			sourceTree = "<group>";
		};
		2DDBA1FC2712F44B0065CE13 /* LaunchScreen.storyboard */ = {
			isa = PBXVariantGroup;
			children = (
				2DDBA1FD2712F44B0065CE13 /* Base */,
			);
			name = LaunchScreen.storyboard;
			sourceTree = "<group>";
		};
/* End PBXVariantGroup section */

/* Begin XCBuildConfiguration section */
		2DDBA2162712F44B0065CE13 /* Debug */ = {
			isa = XCBuildConfiguration;
			buildSettings = {
				ALWAYS_SEARCH_USER_PATHS = NO;
				CLANG_ANALYZER_NONNULL = YES;
				CLANG_ANALYZER_NUMBER_OBJECT_CONVERSION = YES_AGGRESSIVE;
				CLANG_CXX_LANGUAGE_STANDARD = "gnu++14";
				CLANG_CXX_LIBRARY = "libc++";
				CLANG_ENABLE_MODULES = YES;
				CLANG_ENABLE_OBJC_ARC = YES;
				CLANG_ENABLE_OBJC_WEAK = YES;
				CLANG_WARN_BLOCK_CAPTURE_AUTORELEASING = YES;
				CLANG_WARN_BOOL_CONVERSION = YES;
				CLANG_WARN_COMMA = YES;
				CLANG_WARN_CONSTANT_CONVERSION = YES;
				CLANG_WARN_DEPRECATED_OBJC_IMPLEMENTATIONS = YES;
				CLANG_WARN_DIRECT_OBJC_ISA_USAGE = YES_ERROR;
				CLANG_WARN_DOCUMENTATION_COMMENTS = YES;
				CLANG_WARN_EMPTY_BODY = YES;
				CLANG_WARN_ENUM_CONVERSION = YES;
				CLANG_WARN_INFINITE_RECURSION = YES;
				CLANG_WARN_INT_CONVERSION = YES;
				CLANG_WARN_NON_LITERAL_NULL_CONVERSION = YES;
				CLANG_WARN_OBJC_IMPLICIT_RETAIN_SELF = YES;
				CLANG_WARN_OBJC_LITERAL_CONVERSION = YES;
				CLANG_WARN_OBJC_ROOT_CLASS = YES_ERROR;
				CLANG_WARN_QUOTED_INCLUDE_IN_FRAMEWORK_HEADER = YES;
				CLANG_WARN_RANGE_LOOP_ANALYSIS = YES;
				CLANG_WARN_STRICT_PROTOTYPES = YES;
				CLANG_WARN_SUSPICIOUS_MOVE = YES;
				CLANG_WARN_UNGUARDED_AVAILABILITY = YES_AGGRESSIVE;
				CLANG_WARN_UNREACHABLE_CODE = YES;
				CLANG_WARN__DUPLICATE_METHOD_MATCH = YES;
				COPY_PHASE_STRIP = NO;
				DEBUG_INFORMATION_FORMAT = dwarf;
				ENABLE_STRICT_OBJC_MSGSEND = YES;
				ENABLE_TESTABILITY = YES;
				GCC_C_LANGUAGE_STANDARD = gnu11;
				GCC_DYNAMIC_NO_PIC = NO;
				GCC_NO_COMMON_BLOCKS = YES;
				GCC_OPTIMIZATION_LEVEL = 0;
				GCC_PREPROCESSOR_DEFINITIONS = (
					"DEBUG=1",
					"$(inherited)",
				);
				GCC_WARN_64_TO_32_BIT_CONVERSION = YES;
				GCC_WARN_ABOUT_RETURN_TYPE = YES_ERROR;
				GCC_WARN_UNDECLARED_SELECTOR = YES;
				GCC_WARN_UNINITIALIZED_AUTOS = YES_AGGRESSIVE;
				GCC_WARN_UNUSED_FUNCTION = YES;
				GCC_WARN_UNUSED_VARIABLE = YES;
				IPHONEOS_DEPLOYMENT_TARGET = 14.5;
				MTL_ENABLE_DEBUG_INFO = INCLUDE_SOURCE;
				MTL_FAST_MATH = YES;
				ONLY_ACTIVE_ARCH = YES;
				SDKROOT = iphoneos;
				SWIFT_ACTIVE_COMPILATION_CONDITIONS = DEBUG;
				SWIFT_OPTIMIZATION_LEVEL = "-Onone";
			};
			name = Debug;
		};
		2DDBA2172712F44B0065CE13 /* Release */ = {
			isa = XCBuildConfiguration;
			buildSettings = {
				ALWAYS_SEARCH_USER_PATHS = NO;
				CLANG_ANALYZER_NONNULL = YES;
				CLANG_ANALYZER_NUMBER_OBJECT_CONVERSION = YES_AGGRESSIVE;
				CLANG_CXX_LANGUAGE_STANDARD = "gnu++14";
				CLANG_CXX_LIBRARY = "libc++";
				CLANG_ENABLE_MODULES = YES;
				CLANG_ENABLE_OBJC_ARC = YES;
				CLANG_ENABLE_OBJC_WEAK = YES;
				CLANG_WARN_BLOCK_CAPTURE_AUTORELEASING = YES;
				CLANG_WARN_BOOL_CONVERSION = YES;
				CLANG_WARN_COMMA = YES;
				CLANG_WARN_CONSTANT_CONVERSION = YES;
				CLANG_WARN_DEPRECATED_OBJC_IMPLEMENTATIONS = YES;
				CLANG_WARN_DIRECT_OBJC_ISA_USAGE = YES_ERROR;
				CLANG_WARN_DOCUMENTATION_COMMENTS = YES;
				CLANG_WARN_EMPTY_BODY = YES;
				CLANG_WARN_ENUM_CONVERSION = YES;
				CLANG_WARN_INFINITE_RECURSION = YES;
				CLANG_WARN_INT_CONVERSION = YES;
				CLANG_WARN_NON_LITERAL_NULL_CONVERSION = YES;
				CLANG_WARN_OBJC_IMPLICIT_RETAIN_SELF = YES;
				CLANG_WARN_OBJC_LITERAL_CONVERSION = YES;
				CLANG_WARN_OBJC_ROOT_CLASS = YES_ERROR;
				CLANG_WARN_QUOTED_INCLUDE_IN_FRAMEWORK_HEADER = YES;
				CLANG_WARN_RANGE_LOOP_ANALYSIS = YES;
				CLANG_WARN_STRICT_PROTOTYPES = YES;
				CLANG_WARN_SUSPICIOUS_MOVE = YES;
				CLANG_WARN_UNGUARDED_AVAILABILITY = YES_AGGRESSIVE;
				CLANG_WARN_UNREACHABLE_CODE = YES;
				CLANG_WARN__DUPLICATE_METHOD_MATCH = YES;
				COPY_PHASE_STRIP = NO;
				DEBUG_INFORMATION_FORMAT = "dwarf-with-dsym";
				ENABLE_NS_ASSERTIONS = NO;
				ENABLE_STRICT_OBJC_MSGSEND = YES;
				GCC_C_LANGUAGE_STANDARD = gnu11;
				GCC_NO_COMMON_BLOCKS = YES;
				GCC_WARN_64_TO_32_BIT_CONVERSION = YES;
				GCC_WARN_ABOUT_RETURN_TYPE = YES_ERROR;
				GCC_WARN_UNDECLARED_SELECTOR = YES;
				GCC_WARN_UNINITIALIZED_AUTOS = YES_AGGRESSIVE;
				GCC_WARN_UNUSED_FUNCTION = YES;
				GCC_WARN_UNUSED_VARIABLE = YES;
				IPHONEOS_DEPLOYMENT_TARGET = 14.5;
				MTL_ENABLE_DEBUG_INFO = NO;
				MTL_FAST_MATH = YES;
				SDKROOT = iphoneos;
				SWIFT_COMPILATION_MODE = wholemodule;
				SWIFT_OPTIMIZATION_LEVEL = "-O";
				VALIDATE_PRODUCT = YES;
			};
			name = Release;
		};
		2DDBA2192712F44B0065CE13 /* Debug */ = {
			isa = XCBuildConfiguration;
			buildSettings = {
				ASSETCATALOG_COMPILER_APPICON_NAME = AppIcon;
				ASSETCATALOG_COMPILER_GLOBAL_ACCENT_COLOR_NAME = AccentColor;
				CODE_SIGN_STYLE = Automatic;
				DEVELOPMENT_TEAM = V4T646HAV4;
				INFOPLIST_FILE = "City LandMarks/Info.plist";
				LD_RUNPATH_SEARCH_PATHS = (
					"$(inherited)",
					"@executable_path/Frameworks",
				);
				PRODUCT_BUNDLE_IDENTIFIER = "com.yunusemrebitkay.City-LandMarks";
				PRODUCT_NAME = "$(TARGET_NAME)";
				SWIFT_VERSION = 5.0;
				TARGETED_DEVICE_FAMILY = "1,2";
			};
			name = Debug;
		};
		2DDBA21A2712F44B0065CE13 /* Release */ = {
			isa = XCBuildConfiguration;
			buildSettings = {
				ASSETCATALOG_COMPILER_APPICON_NAME = AppIcon;
				ASSETCATALOG_COMPILER_GLOBAL_ACCENT_COLOR_NAME = AccentColor;
				CODE_SIGN_STYLE = Automatic;
				DEVELOPMENT_TEAM = V4T646HAV4;
				INFOPLIST_FILE = "City LandMarks/Info.plist";
				LD_RUNPATH_SEARCH_PATHS = (
					"$(inherited)",
					"@executable_path/Frameworks",
				);
				PRODUCT_BUNDLE_IDENTIFIER = "com.yunusemrebitkay.City-LandMarks";
				PRODUCT_NAME = "$(TARGET_NAME)";
				SWIFT_VERSION = 5.0;
				TARGETED_DEVICE_FAMILY = "1,2";
			};
			name = Release;
		};
		2DDBA21C2712F44B0065CE13 /* Debug */ = {
			isa = XCBuildConfiguration;
			buildSettings = {
				ALWAYS_EMBED_SWIFT_STANDARD_LIBRARIES = YES;
				BUNDLE_LOADER = "$(TEST_HOST)";
				CODE_SIGN_STYLE = Automatic;
				DEVELOPMENT_TEAM = V4T646HAV4;
				INFOPLIST_FILE = "City LandMarksTests/Info.plist";
				IPHONEOS_DEPLOYMENT_TARGET = 14.5;
				LD_RUNPATH_SEARCH_PATHS = (
					"$(inherited)",
					"@executable_path/Frameworks",
					"@loader_path/Frameworks",
				);
				PRODUCT_BUNDLE_IDENTIFIER = "com.yunusemrebitkay.City-LandMarksTests";
				PRODUCT_NAME = "$(TARGET_NAME)";
				SWIFT_VERSION = 5.0;
				TARGETED_DEVICE_FAMILY = "1,2";
				TEST_HOST = "$(BUILT_PRODUCTS_DIR)/City LandMarks.app/City LandMarks";
			};
			name = Debug;
		};
		2DDBA21D2712F44B0065CE13 /* Release */ = {
			isa = XCBuildConfiguration;
			buildSettings = {
				ALWAYS_EMBED_SWIFT_STANDARD_LIBRARIES = YES;
				BUNDLE_LOADER = "$(TEST_HOST)";
				CODE_SIGN_STYLE = Automatic;
				DEVELOPMENT_TEAM = V4T646HAV4;
				INFOPLIST_FILE = "City LandMarksTests/Info.plist";
				IPHONEOS_DEPLOYMENT_TARGET = 14.5;
				LD_RUNPATH_SEARCH_PATHS = (
					"$(inherited)",
					"@executable_path/Frameworks",
					"@loader_path/Frameworks",
				);
				PRODUCT_BUNDLE_IDENTIFIER = "com.yunusemrebitkay.City-LandMarksTests";
				PRODUCT_NAME = "$(TARGET_NAME)";
				SWIFT_VERSION = 5.0;
				TARGETED_DEVICE_FAMILY = "1,2";
				TEST_HOST = "$(BUILT_PRODUCTS_DIR)/City LandMarks.app/City LandMarks";
			};
			name = Release;
		};
		2DDBA21F2712F44B0065CE13 /* Debug */ = {
			isa = XCBuildConfiguration;
			buildSettings = {
				ALWAYS_EMBED_SWIFT_STANDARD_LIBRARIES = YES;
				CODE_SIGN_STYLE = Automatic;
				DEVELOPMENT_TEAM = V4T646HAV4;
				INFOPLIST_FILE = "City LandMarksUITests/Info.plist";
				LD_RUNPATH_SEARCH_PATHS = (
					"$(inherited)",
					"@executable_path/Frameworks",
					"@loader_path/Frameworks",
				);
				PRODUCT_BUNDLE_IDENTIFIER = "com.yunusemrebitkay.City-LandMarksUITests";
				PRODUCT_NAME = "$(TARGET_NAME)";
				SWIFT_VERSION = 5.0;
				TARGETED_DEVICE_FAMILY = "1,2";
				TEST_TARGET_NAME = "City LandMarks";
			};
			name = Debug;
		};
		2DDBA2202712F44B0065CE13 /* Release */ = {
			isa = XCBuildConfiguration;
			buildSettings = {
				ALWAYS_EMBED_SWIFT_STANDARD_LIBRARIES = YES;
				CODE_SIGN_STYLE = Automatic;
				DEVELOPMENT_TEAM = V4T646HAV4;
				INFOPLIST_FILE = "City LandMarksUITests/Info.plist";
				LD_RUNPATH_SEARCH_PATHS = (
					"$(inherited)",
					"@executable_path/Frameworks",
					"@loader_path/Frameworks",
				);
				PRODUCT_BUNDLE_IDENTIFIER = "com.yunusemrebitkay.City-LandMarksUITests";
				PRODUCT_NAME = "$(TARGET_NAME)";
				SWIFT_VERSION = 5.0;
				TARGETED_DEVICE_FAMILY = "1,2";
				TEST_TARGET_NAME = "City LandMarks";
			};
			name = Release;
		};
/* End XCBuildConfiguration section */

/* Begin XCConfigurationList section */
		2DDBA1E62712F4480065CE13 /* Build configuration list for PBXProject "City LandMarks" */ = {
			isa = XCConfigurationList;
			buildConfigurations = (
				2DDBA2162712F44B0065CE13 /* Debug */,
				2DDBA2172712F44B0065CE13 /* Release */,
			);
			defaultConfigurationIsVisible = 0;
			defaultConfigurationName = Release;
		};
		2DDBA2182712F44B0065CE13 /* Build configuration list for PBXNativeTarget "City LandMarks" */ = {
			isa = XCConfigurationList;
			buildConfigurations = (
				2DDBA2192712F44B0065CE13 /* Debug */,
				2DDBA21A2712F44B0065CE13 /* Release */,
			);
			defaultConfigurationIsVisible = 0;
			defaultConfigurationName = Release;
		};
		2DDBA21B2712F44B0065CE13 /* Build configuration list for PBXNativeTarget "City LandMarksTests" */ = {
			isa = XCConfigurationList;
			buildConfigurations = (
				2DDBA21C2712F44B0065CE13 /* Debug */,
				2DDBA21D2712F44B0065CE13 /* Release */,
			);
			defaultConfigurationIsVisible = 0;
			defaultConfigurationName = Release;
		};
		2DDBA21E2712F44B0065CE13 /* Build configuration list for PBXNativeTarget "City LandMarksUITests" */ = {
			isa = XCConfigurationList;
			buildConfigurations = (
				2DDBA21F2712F44B0065CE13 /* Debug */,
				2DDBA2202712F44B0065CE13 /* Release */,
			);
			defaultConfigurationIsVisible = 0;
			defaultConfigurationName = Release;
		};
/* End XCConfigurationList section */

/* Begin XCVersionGroup section */
		2DDBA1F72712F4490065CE13 /* City_LandMarks.xcdatamodeld */ = {
			isa = XCVersionGroup;
			children = (
				2DDBA1F82712F4490065CE13 /* City_LandMarks.xcdatamodel */,
			);
			currentVersion = 2DDBA1F82712F4490065CE13 /* City_LandMarks.xcdatamodel */;
			path = City_LandMarks.xcdatamodeld;
			sourceTree = "<group>";
			versionGroupType = wrapper.xcdatamodel;
		};
/* End XCVersionGroup section */
	};
	rootObject = 2DDBA1E32712F4480065CE13 /* Project object */;
}
